
Microsoft Visual Studio Solution File, Format Version 12.00
# Visual Studio 15
Project("{FAE04EC0-301F-11D3-BF4B-00C04F79EFBC}") = "Spaget", "Assembly-CSharp.csproj", "{AE738DED-063A-F70E-F1F1-7D2D71972778}"
EndProject
Project("{FAE04EC0-301F-11D3-BF4B-00C04F79EFBC}") = "Spaget", "Assembly-CSharp-firstpass.csproj", "{FC6EB793-7271-B979-0BFD-EC50CD832A77}"
EndProject
Project("{FAE04EC0-301F-11D3-BF4B-00C04F79EFBC}") = "Spaget", "Assembly-CSharp-Editor.csproj", "{0623420D-6C2C-4022-4476-C2AF44176905}"
EndProject
Global
	GlobalSection(SolutionConfigurationPlatforms) = preSolution
		Debug|Any CPU = Debug|Any CPU
		Release|Any CPU = Release|Any CPU
	EndGlobalSection
	GlobalSection(ProjectConfigurationPlatforms) = postSolution
		{AE738DED-063A-F70E-F1F1-7D2D71972778}.Debug|Any CPU.ActiveCfg = Debug|Any CPU
		{AE738DED-063A-F70E-F1F1-7D2D71972778}.Debug|Any CPU.Build.0 = Debug|Any CPU
		{AE738DED-063A-F70E-F1F1-7D2D71972778}.Release|Any CPU.ActiveCfg = Release|Any CPU
		{AE738DED-063A-F70E-F1F1-7D2D71972778}.Release|Any CPU.Build.0 = Release|Any CPU
		{FC6EB793-7271-B979-0BFD-EC50CD832A77}.Debug|Any CPU.ActiveCfg = Debug|Any CPU
		{FC6EB793-7271-B979-0BFD-EC50CD832A77}.Debug|Any CPU.Build.0 = Debug|Any CPU
		{FC6EB793-7271-B979-0BFD-EC50CD832A77}.Release|Any CPU.ActiveCfg = Release|Any CPU
		{FC6EB793-7271-B979-0BFD-EC50CD832A77}.Release|Any CPU.Build.0 = Release|Any CPU
		{0623420D-6C2C-4022-4476-C2AF44176905}.Debug|Any CPU.ActiveCfg = Debug|Any CPU
		{0623420D-6C2C-4022-4476-C2AF44176905}.Debug|Any CPU.Build.0 = Debug|Any CPU
		{0623420D-6C2C-4022-4476-C2AF44176905}.Release|Any CPU.ActiveCfg = Release|Any CPU
		{0623420D-6C2C-4022-4476-C2AF44176905}.Release|Any CPU.Build.0 = Release|Any CPU
	EndGlobalSection
	GlobalSection(SolutionProperties) = preSolution
		HideSolutionNode = FALSE
	EndGlobalSection
EndGlobal
